// !$*UTF8*$!
{
	archiveVersion = 1;
	classes = {
	};
	objectVersion = 50;
	objects = {

/* Begin PBXBuildFile section */
		4E00184F25FB4F9D008E0211 /* News.swift in Sources */ = {isa = PBXBuildFile; fileRef = 4E00184E25FB4F9D008E0211 /* News.swift */; };
		4E00185225FB5033008E0211 /* NewsViewController.swift in Sources */ = {isa = PBXBuildFile; fileRef = 4E00185125FB5033008E0211 /* NewsViewController.swift */; };
		4E00185525FB57F7008E0211 /* InfoViewController3.swift in Sources */ = {isa = PBXBuildFile; fileRef = 4E00185425FB57F7008E0211 /* InfoViewController3.swift */; };
		4E38B5F325F8E2E6009998F8 /* AppDelegate.swift in Sources */ = {isa = PBXBuildFile; fileRef = 4E38B5F225F8E2E6009998F8 /* AppDelegate.swift */; };
		4E38B5F525F8E2E6009998F8 /* SceneDelegate.swift in Sources */ = {isa = PBXBuildFile; fileRef = 4E38B5F425F8E2E6009998F8 /* SceneDelegate.swift */; };
		4E38B5F725F8E2E6009998F8 /* ViewController.swift in Sources */ = {isa = PBXBuildFile; fileRef = 4E38B5F625F8E2E6009998F8 /* ViewController.swift */; };
		4E38B5FA25F8E2E6009998F8 /* Main.storyboard in Resources */ = {isa = PBXBuildFile; fileRef = 4E38B5F825F8E2E6009998F8 /* Main.storyboard */; };
		4E38B5FC25F8E2E7009998F8 /* Assets.xcassets in Resources */ = {isa = PBXBuildFile; fileRef = 4E38B5FB25F8E2E7009998F8 /* Assets.xcassets */; };
		4E38B5FF25F8E2E7009998F8 /* LaunchScreen.storyboard in Resources */ = {isa = PBXBuildFile; fileRef = 4E38B5FD25F8E2E7009998F8 /* LaunchScreen.storyboard */; };
		4E38B60825F8E8B5009998F8 /* AboutViewController.swift in Sources */ = {isa = PBXBuildFile; fileRef = 4E38B60725F8E8B5009998F8 /* AboutViewController.swift */; };
		4E38B60B25F8E962009998F8 /* about.swift in Sources */ = {isa = PBXBuildFile; fileRef = 4E38B60A25F8E962009998F8 /* about.swift */; };
		4E38B61225F8EF5F009998F8 /* HomeViewController.swift in Sources */ = {isa = PBXBuildFile; fileRef = 4E38B61125F8EF5F009998F8 /* HomeViewController.swift */; };
		4E38B61525F904BD009998F8 /* FacViewController.swift in Sources */ = {isa = PBXBuildFile; fileRef = 4E38B61425F904BD009998F8 /* FacViewController.swift */; };
		4E38B61C25F90963009998F8 /* Fac.swift in Sources */ = {isa = PBXBuildFile; fileRef = 4E38B61B25F90963009998F8 /* Fac.swift */; };
		4E38B62225F91096009998F8 /* CustomCell2.swift in Sources */ = {isa = PBXBuildFile; fileRef = 4E38B62125F91096009998F8 /* CustomCell2.swift */; };
		4E38B62625F91F43009998F8 /* InfoViewController.swift in Sources */ = {isa = PBXBuildFile; fileRef = 4E38B62525F91F43009998F8 /* InfoViewController.swift */; };
		4E38B62925F928F8009998F8 /* InfoViewController2.swift in Sources */ = {isa = PBXBuildFile; fileRef = 4E38B62825F928F8009998F8 /* InfoViewController2.swift */; };
/* End PBXBuildFile section */

/* Begin PBXFileReference section */
		4E00184E25FB4F9D008E0211 /* News.swift */ = {isa = PBXFileReference; lastKnownFileType = sourcecode.swift; path = News.swift; sourceTree = "<group>"; };
		4E00185125FB5033008E0211 /* NewsViewController.swift */ = {isa = PBXFileReference; lastKnownFileType = sourcecode.swift; path = NewsViewController.swift; sourceTree = "<group>"; };
		4E00185425FB57F7008E0211 /* InfoViewController3.swift */ = {isa = PBXFileReference; lastKnownFileType = sourcecode.swift; path = InfoViewController3.swift; sourceTree = "<group>"; };
		4E38B5EF25F8E2E6009998F8 /* kbtu.app */ = {isa = PBXFileReference; explicitFileType = wrapper.application; includeInIndex = 0; path = kbtu.app; sourceTree = BUILT_PRODUCTS_DIR; };
		4E38B5F225F8E2E6009998F8 /* AppDelegate.swift */ = {isa = PBXFileReference; lastKnownFileType = sourcecode.swift; path = AppDelegate.swift; sourceTree = "<group>"; };
		4E38B5F425F8E2E6009998F8 /* SceneDelegate.swift */ = {isa = PBXFileReference; lastKnownFileType = sourcecode.swift; path = SceneDelegate.swift; sourceTree = "<group>"; };
		4E38B5F625F8E2E6009998F8 /* ViewController.swift */ = {isa = PBXFileReference; lastKnownFileType = sourcecode.swift; path = ViewController.swift; sourceTree = "<group>"; };
		4E38B5F925F8E2E6009998F8 /* Base */ = {isa = PBXFileReference; lastKnownFileType = file.storyboard; name = Base; path = Base.lproj/Main.storyboard; sourceTree = "<group>"; };
		4E38B5FB25F8E2E7009998F8 /* Assets.xcassets */ = {isa = PBXFileReference; lastKnownFileType = folder.assetcatalog; path = Assets.xcassets; sourceTree = "<group>"; };
		4E38B5FE25F8E2E7009998F8 /* Base */ = {isa = PBXFileReference; lastKnownFileType = file.storyboard; name = Base; path = Base.lproj/LaunchScreen.storyboard; sourceTree = "<group>"; };
		4E38B60025F8E2E7009998F8 /* Info.plist */ = {isa = PBXFileReference; lastKnownFileType = text.plist.xml; path = Info.plist; sourceTree = "<group>"; };
		4E38B60725F8E8B5009998F8 /* AboutViewController.swift */ = {isa = PBXFileReference; lastKnownFileType = sourcecode.swift; path = AboutViewController.swift; sourceTree = "<group>"; };
		4E38B60A25F8E962009998F8 /* about.swift */ = {isa = PBXFileReference; lastKnownFileType = sourcecode.swift; path = about.swift; sourceTree = "<group>"; };
		4E38B61125F8EF5F009998F8 /* HomeViewController.swift */ = {isa = PBXFileReference; lastKnownFileType = sourcecode.swift; path = HomeViewController.swift; sourceTree = "<group>"; };
		4E38B61425F904BD009998F8 /* FacViewController.swift */ = {isa = PBXFileReference; lastKnownFileType = sourcecode.swift; path = FacViewController.swift; sourceTree = "<group>"; };
		4E38B61B25F90963009998F8 /* Fac.swift */ = {isa = PBXFileReference; lastKnownFileType = sourcecode.swift; path = Fac.swift; sourceTree = "<group>"; };
		4E38B62125F91096009998F8 /* CustomCell2.swift */ = {isa = PBXFileReference; lastKnownFileType = sourcecode.swift; path = CustomCell2.swift; sourceTree = "<group>"; };
		4E38B62525F91F43009998F8 /* InfoViewController.swift */ = {isa = PBXFileReference; lastKnownFileType = sourcecode.swift; path = InfoViewController.swift; sourceTree = "<group>"; };
		4E38B62825F928F8009998F8 /* InfoViewController2.swift */ = {isa = PBXFileReference; lastKnownFileType = sourcecode.swift; path = InfoViewController2.swift; sourceTree = "<group>"; };
/* End PBXFileReference section */

/* Begin PBXFrameworksBuildPhase section */
		4E38B5EC25F8E2E6009998F8 /* Frameworks */ = {
			isa = PBXFrameworksBuildPhase;
			buildActionMask = 2147483647;
			files = (
			);
			runOnlyForDeploymentPostprocessing = 0;
		};
/* End PBXFrameworksBuildPhase section */

/* Begin PBXGroup section */
		4E38B5E625F8E2E6009998F8 = {
			isa = PBXGroup;
			children = (
				4E38B5F125F8E2E6009998F8 /* kbtu */,
				4E38B5F025F8E2E6009998F8 /* Products */,
			);
			sourceTree = "<group>";
		};
		4E38B5F025F8E2E6009998F8 /* Products */ = {
			isa = PBXGroup;
			children = (
				4E38B5EF25F8E2E6009998F8 /* kbtu.app */,
			);
			name = Products;
			sourceTree = "<group>";
		};
		4E38B5F125F8E2E6009998F8 /* kbtu */ = {
			isa = PBXGroup;
			children = (
				4E38B5F225F8E2E6009998F8 /* AppDelegate.swift */,
				4E38B5F425F8E2E6009998F8 /* SceneDelegate.swift */,
				4E38B5F625F8E2E6009998F8 /* ViewController.swift */,
				4E38B5F825F8E2E6009998F8 /* Main.storyboard */,
				4E38B5FB25F8E2E7009998F8 /* Assets.xcassets */,
				4E38B5FD25F8E2E7009998F8 /* LaunchScreen.storyboard */,
				4E38B60025F8E2E7009998F8 /* Info.plist */,
				4E38B60725F8E8B5009998F8 /* AboutViewController.swift */,
				4E38B60A25F8E962009998F8 /* about.swift */,
				4E38B61125F8EF5F009998F8 /* HomeViewController.swift */,
				4E38B61425F904BD009998F8 /* FacViewController.swift */,
				4E38B61B25F90963009998F8 /* Fac.swift */,
				4E38B62125F91096009998F8 /* CustomCell2.swift */,
				4E38B62525F91F43009998F8 /* InfoViewController.swift */,
				4E38B62825F928F8009998F8 /* InfoViewController2.swift */,
				4E00184E25FB4F9D008E0211 /* News.swift */,
				4E00185125FB5033008E0211 /* NewsViewController.swift */,
				4E00185425FB57F7008E0211 /* InfoViewController3.swift */,
			);
			path = kbtu;
			sourceTree = "<group>";
		};
/* End PBXGroup section */

/* Begin PBXNativeTarget section */
		4E38B5EE25F8E2E6009998F8 /* kbtu */ = {
			isa = PBXNativeTarget;
			buildConfigurationList = 4E38B60325F8E2E7009998F8 /* Build configuration list for PBXNativeTarget "kbtu" */;
			buildPhases = (
				4E38B5EB25F8E2E6009998F8 /* Sources */,
				4E38B5EC25F8E2E6009998F8 /* Frameworks */,
				4E38B5ED25F8E2E6009998F8 /* Resources */,
			);
			buildRules = (
			);
			dependencies = (
			);
			name = kbtu;
			productName = kbtu;
			productReference = 4E38B5EF25F8E2E6009998F8 /* kbtu.app */;
			productType = "com.apple.product-type.application";
		};
/* End PBXNativeTarget section */

/* Begin PBXProject section */
		4E38B5E725F8E2E6009998F8 /* Project object */ = {
			isa = PBXProject;
			attributes = {
				LastSwiftUpdateCheck = 1240;
				LastUpgradeCheck = 1240;
				TargetAttributes = {
					4E38B5EE25F8E2E6009998F8 = {
						CreatedOnToolsVersion = 12.4;
					};
				};
			};
			buildConfigurationList = 4E38B5EA25F8E2E6009998F8 /* Build configuration list for PBXProject "kbtu" */;
			compatibilityVersion = "Xcode 9.3";
			developmentRegion = en;
			hasScannedForEncodings = 0;
			knownRegions = (
				en,
				Base,
			);
			mainGroup = 4E38B5E625F8E2E6009998F8;
			productRefGroup = 4E38B5F025F8E2E6009998F8 /* Products */;
			projectDirPath = "";
			projectRoot = "";
			targets = (
				4E38B5EE25F8E2E6009998F8 /* kbtu */,
			);
		};
/* End PBXProject section */

/* Begin PBXResourcesBuildPhase section */
		4E38B5ED25F8E2E6009998F8 /* Resources */ = {
			isa = PBXResourcesBuildPhase;
			buildActionMask = 2147483647;
			files = (
				4E38B5FF25F8E2E7009998F8 /* LaunchScreen.storyboard in Resources */,
				4E38B5FC25F8E2E7009998F8 /* Assets.xcassets in Resources */,
				4E38B5FA25F8E2E6009998F8 /* Main.storyboard in Resources */,
			);
			runOnlyForDeploymentPostprocessing = 0;
		};
/* End PBXResourcesBuildPhase section */

/* Begin PBXSourcesBuildPhase section */
		4E38B5EB25F8E2E6009998F8 /* Sources */ = {
			isa = PBXSourcesBuildPhase;
			buildActionMask = 2147483647;
			files = (
				4E38B60B25F8E962009998F8 /* about.swift in Sources */,
				4E38B5F725F8E2E6009998F8 /* ViewController.swift in Sources */,
				4E38B62925F928F8009998F8 /* InfoViewController2.swift in Sources */,
				4E38B5F325F8E2E6009998F8 /* AppDelegate.swift in Sources */,
				4E38B61525F904BD009998F8 /* FacViewController.swift in Sources */,
				4E38B62625F91F43009998F8 /* InfoViewController.swift in Sources */,
				4E00185525FB57F7008E0211 /* InfoViewController3.swift in Sources */,
				4E00185225FB5033008E0211 /* NewsViewController.swift in Sources */,
				4E00184F25FB4F9D008E0211 /* News.swift in Sources */,
				4E38B60825F8E8B5009998F8 /* AboutViewController.swift in Sources */,
				4E38B5F525F8E2E6009998F8 /* SceneDelegate.swift in Sources */,
				4E38B61C25F90963009998F8 /* Fac.swift in Sources */,
				4E38B61225F8EF5F009998F8 /* HomeViewController.swift in Sources */,
				4E38B62225F91096009998F8 /* CustomCell2.swift in Sources */,
			);
			runOnlyForDeploymentPostprocessing = 0;
		};
/* End PBXSourcesBuildPhase section */

/* Begin PBXVariantGroup section */
		4E38B5F825F8E2E6009998F8 /* Main.storyboard */ = {
			isa = PBXVariantGroup;
			children = (
				4E38B5F925F8E2E6009998F8 /* Base */,
			);
			name = Main.storyboard;
			sourceTree = "<group>";
		};
		4E38B5FD25F8E2E7009998F8 /* LaunchScreen.storyboard */ = {
			isa = PBXVariantGroup;
			children = (
				4E38B5FE25F8E2E7009998F8 /* Base */,
			);
			name = LaunchScreen.storyboard;
			sourceTree = "<group>";
		};
/* End PBXVariantGroup section */

/* Begin XCBuildConfiguration section */
		4E38B60125F8E2E7009998F8 /* Debug */ = {
			isa = XCBuildConfiguration;
			buildSettings = {
				ALWAYS_SEARCH_USER_PATHS = NO;
				CLANG_ANALYZER_NONNULL = YES;
				CLANG_ANALYZER_NUMBER_OBJECT_CONVERSION = YES_AGGRESSIVE;
				CLANG_CXX_LANGUAGE_STANDARD = "gnu++14";
				CLANG_CXX_LIBRARY = "libc++";
				CLANG_ENABLE_MODULES = YES;
				CLANG_ENABLE_OBJC_ARC = YES;
				CLANG_ENABLE_OBJC_WEAK = YES;
				CLANG_WARN_BLOCK_CAPTURE_AUTORELEASING = YES;
				CLANG_WARN_BOOL_CONVERSION = YES;
				CLANG_WARN_COMMA = YES;
				CLANG_WARN_CONSTANT_CONVERSION = YES;
				CLANG_WARN_DEPRECATED_OBJC_IMPLEMENTATIONS = YES;
				CLANG_WARN_DIRECT_OBJC_ISA_USAGE = YES_ERROR;
				CLANG_WARN_DOCUMENTATION_COMMENTS = YES;
				CLANG_WARN_EMPTY_BODY = YES;
				CLANG_WARN_ENUM_CONVERSION = YES;
				CLANG_WARN_INFINITE_RECURSION = YES;
				CLANG_WARN_INT_CONVERSION = YES;
				CLANG_WARN_NON_LITERAL_NULL_CONVERSION = YES;
				CLANG_WARN_OBJC_IMPLICIT_RETAIN_SELF = YES;
				CLANG_WARN_OBJC_LITERAL_CONVERSION = YES;
				CLANG_WARN_OBJC_ROOT_CLASS = YES_ERROR;
				CLANG_WARN_QUOTED_INCLUDE_IN_FRAMEWORK_HEADER = YES;
				CLANG_WARN_RANGE_LOOP_ANALYSIS = YES;
				CLANG_WARN_STRICT_PROTOTYPES = YES;
				CLANG_WARN_SUSPICIOUS_MOVE = YES;
				CLANG_WARN_UNGUARDED_AVAILABILITY = YES_AGGRESSIVE;
				CLANG_WARN_UNREACHABLE_CODE = YES;
				CLANG_WARN__DUPLICATE_METHOD_MATCH = YES;
				COPY_PHASE_STRIP = NO;
				DEBUG_INFORMATION_FORMAT = dwarf;
				ENABLE_STRICT_OBJC_MSGSEND = YES;
				ENABLE_TESTABILITY = YES;
				GCC_C_LANGUAGE_STANDARD = gnu11;
				GCC_DYNAMIC_NO_PIC = NO;
				GCC_NO_COMMON_BLOCKS = YES;
				GCC_OPTIMIZATION_LEVEL = 0;
				GCC_PREPROCESSOR_DEFINITIONS = (
					"DEBUG=1",
					"$(inherited)",
				);
				GCC_WARN_64_TO_32_BIT_CONVERSION = YES;
				GCC_WARN_ABOUT_RETURN_TYPE = YES_ERROR;
				GCC_WARN_UNDECLARED_SELECTOR = YES;
				GCC_WARN_UNINITIALIZED_AUTOS = YES_AGGRESSIVE;
				GCC_WARN_UNUSED_FUNCTION = YES;
				GCC_WARN_UNUSED_VARIABLE = YES;
				IPHONEOS_DEPLOYMENT_TARGET = 14.4;
				MTL_ENABLE_DEBUG_INFO = INCLUDE_SOURCE;
				MTL_FAST_MATH = YES;
				ONLY_ACTIVE_ARCH = YES;
				SDKROOT = iphoneos;
				SWIFT_ACTIVE_COMPILATION_CONDITIONS = DEBUG;
				SWIFT_OPTIMIZATION_LEVEL = "-Onone";
			};
			name = Debug;
		};
		4E38B60225F8E2E7009998F8 /* Release */ = {
			isa = XCBuildConfiguration;
			buildSettings = {
				ALWAYS_SEARCH_USER_PATHS = NO;
				CLANG_ANALYZER_NONNULL = YES;
				CLANG_ANALYZER_NUMBER_OBJECT_CONVERSION = YES_AGGRESSIVE;
				CLANG_CXX_LANGUAGE_STANDARD = "gnu++14";
				CLANG_CXX_LIBRARY = "libc++";
				CLANG_ENABLE_MODULES = YES;
				CLANG_ENABLE_OBJC_ARC = YES;
				CLANG_ENABLE_OBJC_WEAK = YES;
				CLANG_WARN_BLOCK_CAPTURE_AUTORELEASING = YES;
				CLANG_WARN_BOOL_CONVERSION = YES;
				CLANG_WARN_COMMA = YES;
				CLANG_WARN_CONSTANT_CONVERSION = YES;
				CLANG_WARN_DEPRECATED_OBJC_IMPLEMENTATIONS = YES;
				CLANG_WARN_DIRECT_OBJC_ISA_USAGE = YES_ERROR;
				CLANG_WARN_DOCUMENTATION_COMMENTS = YES;
				CLANG_WARN_EMPTY_BODY = YES;
				CLANG_WARN_ENUM_CONVERSION = YES;
				CLANG_WARN_INFINITE_RECURSION = YES;
				CLANG_WARN_INT_CONVERSION = YES;
				CLANG_WARN_NON_LITERAL_NULL_CONVERSION = YES;
				CLANG_WARN_OBJC_IMPLICIT_RETAIN_SELF = YES;
				CLANG_WARN_OBJC_LITERAL_CONVERSION = YES;
				CLANG_WARN_OBJC_ROOT_CLASS = YES_ERROR;
				CLANG_WARN_QUOTED_INCLUDE_IN_FRAMEWORK_HEADER = YES;
				CLANG_WARN_RANGE_LOOP_ANALYSIS = YES;
				CLANG_WARN_STRICT_PROTOTYPES = YES;
				CLANG_WARN_SUSPICIOUS_MOVE = YES;
				CLANG_WARN_UNGUARDED_AVAILABILITY = YES_AGGRESSIVE;
				CLANG_WARN_UNREACHABLE_CODE = YES;
				CLANG_WARN__DUPLICATE_METHOD_MATCH = YES;
				COPY_PHASE_STRIP = NO;
				DEBUG_INFORMATION_FORMAT = "dwarf-with-dsym";
				ENABLE_NS_ASSERTIONS = NO;
				ENABLE_STRICT_OBJC_MSGSEND = YES;
				GCC_C_LANGUAGE_STANDARD = gnu11;
				GCC_NO_COMMON_BLOCKS = YES;
				GCC_WARN_64_TO_32_BIT_CONVERSION = YES;
				GCC_WARN_ABOUT_RETURN_TYPE = YES_ERROR;
				GCC_WARN_UNDECLARED_SELECTOR = YES;
				GCC_WARN_UNINITIALIZED_AUTOS = YES_AGGRESSIVE;
				GCC_WARN_UNUSED_FUNCTION = YES;
				GCC_WARN_UNUSED_VARIABLE = YES;
				IPHONEOS_DEPLOYMENT_TARGET = 14.4;
				MTL_ENABLE_DEBUG_INFO = NO;
				MTL_FAST_MATH = YES;
				SDKROOT = iphoneos;
				SWIFT_COMPILATION_MODE = wholemodule;
				SWIFT_OPTIMIZATION_LEVEL = "-O";
				VALIDATE_PRODUCT = YES;
			};
			name = Release;
		};
		4E38B60425F8E2E7009998F8 /* Debug */ = {
			isa = XCBuildConfiguration;
			buildSettings = {
				ASSETCATALOG_COMPILER_APPICON_NAME = AppIcon;
				ASSETCATALOG_COMPILER_GLOBAL_ACCENT_COLOR_NAME = AccentColor;
				CODE_SIGN_STYLE = Automatic;
				DEVELOPMENT_TEAM = XLUFV3P53X;
				INFOPLIST_FILE = kbtu/Info.plist;
				LD_RUNPATH_SEARCH_PATHS = (
					"$(inherited)",
					"@executable_path/Frameworks",
				);
				PRODUCT_BUNDLE_IDENTIFIER = d.kbtu;
				PRODUCT_NAME = "$(TARGET_NAME)";
				SWIFT_VERSION = 5.0;
				TARGETED_DEVICE_FAMILY = "1,2";
			};
			name = Debug;
		};
		4E38B60525F8E2E7009998F8 /* Release */ = {
			isa = XCBuildConfiguration;
			buildSettings = {
				ASSETCATALOG_COMPILER_APPICON_NAME = AppIcon;
				ASSETCATALOG_COMPILER_GLOBAL_ACCENT_COLOR_NAME = AccentColor;
				CODE_SIGN_STYLE = Automatic;
				DEVELOPMENT_TEAM = XLUFV3P53X;
				INFOPLIST_FILE = kbtu/Info.plist;
				LD_RUNPATH_SEARCH_PATHS = (
					"$(inherited)",
					"@executable_path/Frameworks",
				);
				PRODUCT_BUNDLE_IDENTIFIER = d.kbtu;
				PRODUCT_NAME = "$(TARGET_NAME)";
				SWIFT_VERSION = 5.0;
				TARGETED_DEVICE_FAMILY = "1,2";
			};
			name = Release;
		};
/* End XCBuildConfiguration section */

/* Begin XCConfigurationList section */
		4E38B5EA25F8E2E6009998F8 /* Build configuration list for PBXProject "kbtu" */ = {
			isa = XCConfigurationList;
			buildConfigurations = (
				4E38B60125F8E2E7009998F8 /* Debug */,
				4E38B60225F8E2E7009998F8 /* Release */,
			);
			defaultConfigurationIsVisible = 0;
			defaultConfigurationName = Release;
		};
		4E38B60325F8E2E7009998F8 /* Build configuration list for PBXNativeTarget "kbtu" */ = {
			isa = XCConfigurationList;
			buildConfigurations = (
				4E38B60425F8E2E7009998F8 /* Debug */,
				4E38B60525F8E2E7009998F8 /* Release */,
			);
			defaultConfigurationIsVisible = 0;
			defaultConfigurationName = Release;
		};
/* End XCConfigurationList section */
	};
	rootObject = 4E38B5E725F8E2E6009998F8 /* Project object */;
}
