// !$*UTF8*$!
{
	archiveVersion = 1;
	classes = {
	};
	objectVersion = 50;
	objects = {

/* Begin PBXBuildFile section */
		4E095DED25D63A64007D9948 /* contacs.swift in Sources */ = {isa = PBXBuildFile; fileRef = 4E095DEC25D63A64007D9948 /* contacs.swift */; };
		4EE32FC725D5856200FDE649 /* AppDelegate.swift in Sources */ = {isa = PBXBuildFile; fileRef = 4EE32FC625D5856200FDE649 /* AppDelegate.swift */; };
		4EE32FC925D5856200FDE649 /* SceneDelegate.swift in Sources */ = {isa = PBXBuildFile; fileRef = 4EE32FC825D5856200FDE649 /* SceneDelegate.swift */; };
		4EE32FCB25D5856200FDE649 /* ViewController.swift in Sources */ = {isa = PBXBuildFile; fileRef = 4EE32FCA25D5856200FDE649 /* ViewController.swift */; };
		4EE32FCE25D5856200FDE649 /* Main.storyboard in Resources */ = {isa = PBXBuildFile; fileRef = 4EE32FCC25D5856200FDE649 /* Main.storyboard */; };
		4EE32FD025D5856200FDE649 /* Assets.xcassets in Resources */ = {isa = PBXBuildFile; fileRef = 4EE32FCF25D5856200FDE649 /* Assets.xcassets */; };
		4EE32FD325D5856200FDE649 /* LaunchScreen.storyboard in Resources */ = {isa = PBXBuildFile; fileRef = 4EE32FD125D5856200FDE649 /* LaunchScreen.storyboard */; };
		4EE32FDC25D587BC00FDE649 /* newCont.swift in Sources */ = {isa = PBXBuildFile; fileRef = 4EE32FDB25D587BC00FDE649 /* newCont.swift */; };
		4EE32FDF25D590C500FDE649 /* CustomCell.swift in Sources */ = {isa = PBXBuildFile; fileRef = 4EE32FDE25D590C500FDE649 /* CustomCell.swift */; };
		4EE32FE225D5955900FDE649 /* DetailViewController.swift in Sources */ = {isa = PBXBuildFile; fileRef = 4EE32FE125D5955900FDE649 /* DetailViewController.swift */; };
		4EE32FE525D59FA900FDE649 /* AddViewController.swift in Sources */ = {isa = PBXBuildFile; fileRef = 4EE32FE425D59FA900FDE649 /* AddViewController.swift */; };
/* End PBXBuildFile section */

/* Begin PBXFileReference section */
		4E095DEC25D63A64007D9948 /* contacs.swift */ = {isa = PBXFileReference; lastKnownFileType = sourcecode.swift; path = contacs.swift; sourceTree = "<group>"; };
		4EE32FC325D5856200FDE649 /* contact.app */ = {isa = PBXFileReference; explicitFileType = wrapper.application; includeInIndex = 0; path = contact.app; sourceTree = BUILT_PRODUCTS_DIR; };
		4EE32FC625D5856200FDE649 /* AppDelegate.swift */ = {isa = PBXFileReference; lastKnownFileType = sourcecode.swift; path = AppDelegate.swift; sourceTree = "<group>"; };
		4EE32FC825D5856200FDE649 /* SceneDelegate.swift */ = {isa = PBXFileReference; lastKnownFileType = sourcecode.swift; path = SceneDelegate.swift; sourceTree = "<group>"; };
		4EE32FCA25D5856200FDE649 /* ViewController.swift */ = {isa = PBXFileReference; lastKnownFileType = sourcecode.swift; path = ViewController.swift; sourceTree = "<group>"; };
		4EE32FCD25D5856200FDE649 /* Base */ = {isa = PBXFileReference; lastKnownFileType = file.storyboard; name = Base; path = Base.lproj/Main.storyboard; sourceTree = "<group>"; };
		4EE32FCF25D5856200FDE649 /* Assets.xcassets */ = {isa = PBXFileReference; lastKnownFileType = folder.assetcatalog; path = Assets.xcassets; sourceTree = "<group>"; };
		4EE32FD225D5856200FDE649 /* Base */ = {isa = PBXFileReference; lastKnownFileType = file.storyboard; name = Base; path = Base.lproj/LaunchScreen.storyboard; sourceTree = "<group>"; };
		4EE32FD425D5856200FDE649 /* Info.plist */ = {isa = PBXFileReference; lastKnownFileType = text.plist.xml; path = Info.plist; sourceTree = "<group>"; };
		4EE32FDB25D587BC00FDE649 /* newCont.swift */ = {isa = PBXFileReference; lastKnownFileType = sourcecode.swift; path = newCont.swift; sourceTree = "<group>"; };
		4EE32FDE25D590C500FDE649 /* CustomCell.swift */ = {isa = PBXFileReference; lastKnownFileType = sourcecode.swift; path = CustomCell.swift; sourceTree = "<group>"; };
		4EE32FE125D5955900FDE649 /* DetailViewController.swift */ = {isa = PBXFileReference; lastKnownFileType = sourcecode.swift; path = DetailViewController.swift; sourceTree = "<group>"; };
		4EE32FE425D59FA900FDE649 /* AddViewController.swift */ = {isa = PBXFileReference; lastKnownFileType = sourcecode.swift; path = AddViewController.swift; sourceTree = "<group>"; };
/* End PBXFileReference section */

/* Begin PBXFrameworksBuildPhase section */
		4EE32FC025D5856200FDE649 /* Frameworks */ = {
			isa = PBXFrameworksBuildPhase;
			buildActionMask = 2147483647;
			files = (
			);
			runOnlyForDeploymentPostprocessing = 0;
		};
/* End PBXFrameworksBuildPhase section */

/* Begin PBXGroup section */
		4EE32FBA25D5856200FDE649 = {
			isa = PBXGroup;
			children = (
				4EE32FC525D5856200FDE649 /* contact */,
				4EE32FC425D5856200FDE649 /* Products */,
			);
			sourceTree = "<group>";
		};
		4EE32FC425D5856200FDE649 /* Products */ = {
			isa = PBXGroup;
			children = (
				4EE32FC325D5856200FDE649 /* contact.app */,
			);
			name = Products;
			sourceTree = "<group>";
		};
		4EE32FC525D5856200FDE649 /* contact */ = {
			isa = PBXGroup;
			children = (
				4EE32FC625D5856200FDE649 /* AppDelegate.swift */,
				4EE32FC825D5856200FDE649 /* SceneDelegate.swift */,
				4EE32FCA25D5856200FDE649 /* ViewController.swift */,
				4EE32FCC25D5856200FDE649 /* Main.storyboard */,
				4EE32FCF25D5856200FDE649 /* Assets.xcassets */,
				4EE32FD125D5856200FDE649 /* LaunchScreen.storyboard */,
				4EE32FD425D5856200FDE649 /* Info.plist */,
				4EE32FDB25D587BC00FDE649 /* newCont.swift */,
				4EE32FDE25D590C500FDE649 /* CustomCell.swift */,
				4EE32FE125D5955900FDE649 /* DetailViewController.swift */,
				4EE32FE425D59FA900FDE649 /* AddViewController.swift */,
				4E095DEC25D63A64007D9948 /* contacs.swift */,
			);
			path = contact;
			sourceTree = "<group>";
		};
/* End PBXGroup section */

/* Begin PBXNativeTarget section */
		4EE32FC225D5856200FDE649 /* contact */ = {
			isa = PBXNativeTarget;
			buildConfigurationList = 4EE32FD725D5856200FDE649 /* Build configuration list for PBXNativeTarget "contact" */;
			buildPhases = (
				4EE32FBF25D5856200FDE649 /* Sources */,
				4EE32FC025D5856200FDE649 /* Frameworks */,
				4EE32FC125D5856200FDE649 /* Resources */,
			);
			buildRules = (
			);
			dependencies = (
			);
			name = contact;
			productName = contact;
			productReference = 4EE32FC325D5856200FDE649 /* contact.app */;
			productType = "com.apple.product-type.application";
		};
/* End PBXNativeTarget section */

/* Begin PBXProject section */
		4EE32FBB25D5856200FDE649 /* Project object */ = {
			isa = PBXProject;
			attributes = {
				LastSwiftUpdateCheck = 1240;
				LastUpgradeCheck = 1240;
				TargetAttributes = {
					4EE32FC225D5856200FDE649 = {
						CreatedOnToolsVersion = 12.4;
					};
				};
			};
			buildConfigurationList = 4EE32FBE25D5856200FDE649 /* Build configuration list for PBXProject "contact" */;
			compatibilityVersion = "Xcode 9.3";
			developmentRegion = en;
			hasScannedForEncodings = 0;
			knownRegions = (
				en,
				Base,
			);
			mainGroup = 4EE32FBA25D5856200FDE649;
			productRefGroup = 4EE32FC425D5856200FDE649 /* Products */;
			projectDirPath = "";
			projectRoot = "";
			targets = (
				4EE32FC225D5856200FDE649 /* contact */,
			);
		};
/* End PBXProject section */

/* Begin PBXResourcesBuildPhase section */
		4EE32FC125D5856200FDE649 /* Resources */ = {
			isa = PBXResourcesBuildPhase;
			buildActionMask = 2147483647;
			files = (
				4EE32FD325D5856200FDE649 /* LaunchScreen.storyboard in Resources */,
				4EE32FD025D5856200FDE649 /* Assets.xcassets in Resources */,
				4EE32FCE25D5856200FDE649 /* Main.storyboard in Resources */,
			);
			runOnlyForDeploymentPostprocessing = 0;
		};
/* End PBXResourcesBuildPhase section */

/* Begin PBXSourcesBuildPhase section */
		4EE32FBF25D5856200FDE649 /* Sources */ = {
			isa = PBXSourcesBuildPhase;
			buildActionMask = 2147483647;
			files = (
				4EE32FCB25D5856200FDE649 /* ViewController.swift in Sources */,
				4EE32FC725D5856200FDE649 /* AppDelegate.swift in Sources */,
				4EE32FE525D59FA900FDE649 /* AddViewController.swift in Sources */,
				4E095DED25D63A64007D9948 /* contacs.swift in Sources */,
				4EE32FDF25D590C500FDE649 /* CustomCell.swift in Sources */,
				4EE32FE225D5955900FDE649 /* DetailViewController.swift in Sources */,
				4EE32FDC25D587BC00FDE649 /* newCont.swift in Sources */,
				4EE32FC925D5856200FDE649 /* SceneDelegate.swift in Sources */,
			);
			runOnlyForDeploymentPostprocessing = 0;
		};
/* End PBXSourcesBuildPhase section */

/* Begin PBXVariantGroup section */
		4EE32FCC25D5856200FDE649 /* Main.storyboard */ = {
			isa = PBXVariantGroup;
			children = (
				4EE32FCD25D5856200FDE649 /* Base */,
			);
			name = Main.storyboard;
			sourceTree = "<group>";
		};
		4EE32FD125D5856200FDE649 /* LaunchScreen.storyboard */ = {
			isa = PBXVariantGroup;
			children = (
				4EE32FD225D5856200FDE649 /* Base */,
			);
			name = LaunchScreen.storyboard;
			sourceTree = "<group>";
		};
/* End PBXVariantGroup section */

/* Begin XCBuildConfiguration section */
		4EE32FD525D5856200FDE649 /* Debug */ = {
			isa = XCBuildConfiguration;
			buildSettings = {
				ALWAYS_SEARCH_USER_PATHS = NO;
				CLANG_ANALYZER_NONNULL = YES;
				CLANG_ANALYZER_NUMBER_OBJECT_CONVERSION = YES_AGGRESSIVE;
				CLANG_CXX_LANGUAGE_STANDARD = "gnu++14";
				CLANG_CXX_LIBRARY = "libc++";
				CLANG_ENABLE_MODULES = YES;
				CLANG_ENABLE_OBJC_ARC = YES;
				CLANG_ENABLE_OBJC_WEAK = YES;
				CLANG_WARN_BLOCK_CAPTURE_AUTORELEASING = YES;
				CLANG_WARN_BOOL_CONVERSION = YES;
				CLANG_WARN_COMMA = YES;
				CLANG_WARN_CONSTANT_CONVERSION = YES;
				CLANG_WARN_DEPRECATED_OBJC_IMPLEMENTATIONS = YES;
				CLANG_WARN_DIRECT_OBJC_ISA_USAGE = YES_ERROR;
				CLANG_WARN_DOCUMENTATION_COMMENTS = YES;
				CLANG_WARN_EMPTY_BODY = YES;
				CLANG_WARN_ENUM_CONVERSION = YES;
				CLANG_WARN_INFINITE_RECURSION = YES;
				CLANG_WARN_INT_CONVERSION = YES;
				CLANG_WARN_NON_LITERAL_NULL_CONVERSION = YES;
				CLANG_WARN_OBJC_IMPLICIT_RETAIN_SELF = YES;
				CLANG_WARN_OBJC_LITERAL_CONVERSION = YES;
				CLANG_WARN_OBJC_ROOT_CLASS = YES_ERROR;
				CLANG_WARN_QUOTED_INCLUDE_IN_FRAMEWORK_HEADER = YES;
				CLANG_WARN_RANGE_LOOP_ANALYSIS = YES;
				CLANG_WARN_STRICT_PROTOTYPES = YES;
				CLANG_WARN_SUSPICIOUS_MOVE = YES;
				CLANG_WARN_UNGUARDED_AVAILABILITY = YES_AGGRESSIVE;
				CLANG_WARN_UNREACHABLE_CODE = YES;
				CLANG_WARN__DUPLICATE_METHOD_MATCH = YES;
				COPY_PHASE_STRIP = NO;
				DEBUG_INFORMATION_FORMAT = dwarf;
				ENABLE_STRICT_OBJC_MSGSEND = YES;
				ENABLE_TESTABILITY = YES;
				GCC_C_LANGUAGE_STANDARD = gnu11;
				GCC_DYNAMIC_NO_PIC = NO;
				GCC_NO_COMMON_BLOCKS = YES;
				GCC_OPTIMIZATION_LEVEL = 0;
				GCC_PREPROCESSOR_DEFINITIONS = (
					"DEBUG=1",
					"$(inherited)",
				);
				GCC_WARN_64_TO_32_BIT_CONVERSION = YES;
				GCC_WARN_ABOUT_RETURN_TYPE = YES_ERROR;
				GCC_WARN_UNDECLARED_SELECTOR = YES;
				GCC_WARN_UNINITIALIZED_AUTOS = YES_AGGRESSIVE;
				GCC_WARN_UNUSED_FUNCTION = YES;
				GCC_WARN_UNUSED_VARIABLE = YES;
				IPHONEOS_DEPLOYMENT_TARGET = 14.4;
				MTL_ENABLE_DEBUG_INFO = INCLUDE_SOURCE;
				MTL_FAST_MATH = YES;
				ONLY_ACTIVE_ARCH = YES;
				SDKROOT = iphoneos;
				SWIFT_ACTIVE_COMPILATION_CONDITIONS = DEBUG;
				SWIFT_OPTIMIZATION_LEVEL = "-Onone";
			};
			name = Debug;
		};
		4EE32FD625D5856200FDE649 /* Release */ = {
			isa = XCBuildConfiguration;
			buildSettings = {
				ALWAYS_SEARCH_USER_PATHS = NO;
				CLANG_ANALYZER_NONNULL = YES;
				CLANG_ANALYZER_NUMBER_OBJECT_CONVERSION = YES_AGGRESSIVE;
				CLANG_CXX_LANGUAGE_STANDARD = "gnu++14";
				CLANG_CXX_LIBRARY = "libc++";
				CLANG_ENABLE_MODULES = YES;
				CLANG_ENABLE_OBJC_ARC = YES;
				CLANG_ENABLE_OBJC_WEAK = YES;
				CLANG_WARN_BLOCK_CAPTURE_AUTORELEASING = YES;
				CLANG_WARN_BOOL_CONVERSION = YES;
				CLANG_WARN_COMMA = YES;
				CLANG_WARN_CONSTANT_CONVERSION = YES;
				CLANG_WARN_DEPRECATED_OBJC_IMPLEMENTATIONS = YES;
				CLANG_WARN_DIRECT_OBJC_ISA_USAGE = YES_ERROR;
				CLANG_WARN_DOCUMENTATION_COMMENTS = YES;
				CLANG_WARN_EMPTY_BODY = YES;
				CLANG_WARN_ENUM_CONVERSION = YES;
				CLANG_WARN_INFINITE_RECURSION = YES;
				CLANG_WARN_INT_CONVERSION = YES;
				CLANG_WARN_NON_LITERAL_NULL_CONVERSION = YES;
				CLANG_WARN_OBJC_IMPLICIT_RETAIN_SELF = YES;
				CLANG_WARN_OBJC_LITERAL_CONVERSION = YES;
				CLANG_WARN_OBJC_ROOT_CLASS = YES_ERROR;
				CLANG_WARN_QUOTED_INCLUDE_IN_FRAMEWORK_HEADER = YES;
				CLANG_WARN_RANGE_LOOP_ANALYSIS = YES;
				CLANG_WARN_STRICT_PROTOTYPES = YES;
				CLANG_WARN_SUSPICIOUS_MOVE = YES;
				CLANG_WARN_UNGUARDED_AVAILABILITY = YES_AGGRESSIVE;
				CLANG_WARN_UNREACHABLE_CODE = YES;
				CLANG_WARN__DUPLICATE_METHOD_MATCH = YES;
				COPY_PHASE_STRIP = NO;
				DEBUG_INFORMATION_FORMAT = "dwarf-with-dsym";
				ENABLE_NS_ASSERTIONS = NO;
				ENABLE_STRICT_OBJC_MSGSEND = YES;
				GCC_C_LANGUAGE_STANDARD = gnu11;
				GCC_NO_COMMON_BLOCKS = YES;
				GCC_WARN_64_TO_32_BIT_CONVERSION = YES;
				GCC_WARN_ABOUT_RETURN_TYPE = YES_ERROR;
				GCC_WARN_UNDECLARED_SELECTOR = YES;
				GCC_WARN_UNINITIALIZED_AUTOS = YES_AGGRESSIVE;
				GCC_WARN_UNUSED_FUNCTION = YES;
				GCC_WARN_UNUSED_VARIABLE = YES;
				IPHONEOS_DEPLOYMENT_TARGET = 14.4;
				MTL_ENABLE_DEBUG_INFO = NO;
				MTL_FAST_MATH = YES;
				SDKROOT = iphoneos;
				SWIFT_COMPILATION_MODE = wholemodule;
				SWIFT_OPTIMIZATION_LEVEL = "-O";
				VALIDATE_PRODUCT = YES;
			};
			name = Release;
		};
		4EE32FD825D5856200FDE649 /* Debug */ = {
			isa = XCBuildConfiguration;
			buildSettings = {
				ASSETCATALOG_COMPILER_APPICON_NAME = AppIcon;
				ASSETCATALOG_COMPILER_GLOBAL_ACCENT_COLOR_NAME = AccentColor;
				CODE_SIGN_STYLE = Automatic;
				DEVELOPMENT_TEAM = XLUFV3P53X;
				INFOPLIST_FILE = contact/Info.plist;
				LD_RUNPATH_SEARCH_PATHS = (
					"$(inherited)",
					"@executable_path/Frameworks",
				);
				PRODUCT_BUNDLE_IDENTIFIER = d.contact;
				PRODUCT_NAME = "$(TARGET_NAME)";
				SWIFT_VERSION = 5.0;
				TARGETED_DEVICE_FAMILY = "1,2";
			};
			name = Debug;
		};
		4EE32FD925D5856200FDE649 /* Release */ = {
			isa = XCBuildConfiguration;
			buildSettings = {
				ASSETCATALOG_COMPILER_APPICON_NAME = AppIcon;
				ASSETCATALOG_COMPILER_GLOBAL_ACCENT_COLOR_NAME = AccentColor;
				CODE_SIGN_STYLE = Automatic;
				DEVELOPMENT_TEAM = XLUFV3P53X;
				INFOPLIST_FILE = contact/Info.plist;
				LD_RUNPATH_SEARCH_PATHS = (
					"$(inherited)",
					"@executable_path/Frameworks",
				);
				PRODUCT_BUNDLE_IDENTIFIER = d.contact;
				PRODUCT_NAME = "$(TARGET_NAME)";
				SWIFT_VERSION = 5.0;
				TARGETED_DEVICE_FAMILY = "1,2";
			};
			name = Release;
		};
/* End XCBuildConfiguration section */

/* Begin XCConfigurationList section */
		4EE32FBE25D5856200FDE649 /* Build configuration list for PBXProject "contact" */ = {
			isa = XCConfigurationList;
			buildConfigurations = (
				4EE32FD525D5856200FDE649 /* Debug */,
				4EE32FD625D5856200FDE649 /* Release */,
			);
			defaultConfigurationIsVisible = 0;
			defaultConfigurationName = Release;
		};
		4EE32FD725D5856200FDE649 /* Build configuration list for PBXNativeTarget "contact" */ = {
			isa = XCConfigurationList;
			buildConfigurations = (
				4EE32FD825D5856200FDE649 /* Debug */,
				4EE32FD925D5856200FDE649 /* Release */,
			);
			defaultConfigurationIsVisible = 0;
			defaultConfigurationName = Release;
		};
/* End XCConfigurationList section */
	};
	rootObject = 4EE32FBB25D5856200FDE649 /* Project object */;
}
